#MicroXplorer Configuration settings - do not modify
Mcu.Family=STM32F1
RCC.PLLSourceVirtual=RCC_PLLSOURCE_HSE
ProjectManager.MainLocation=Src
RCC.MCOFreq_Value=48000000
USB_DEVICE.CLASS_NAME_FS=CDC
ProjectManager.ProjectFileName=stm32_diseqc.ioc
PD1-OSC_OUT.Mode=HSE-External-Oscillator
ProjectManager.KeepUserCode=true
Mcu.UserName=STM32F103C8Tx
Mcu.PinsNb=10
ProjectManager.NoMain=false
USB_DEVICE.VirtualModeFS=Cdc_FS
RCC.PLLCLKFreq_Value=48000000
ProjectManager.functionlistsort=1-MX_GPIO_Init-GPIO-false-LL-true,2-SystemClock_Config-RCC-false-LL-false,3-MX_USB_DEVICE_Init-USB_DEVICE-false-HAL-false,4-MX_TIM2_Init-TIM2-false-LL-true
PC13-TAMPER-RTC.Signal=GPIO_Output
PA11.Mode=Device
RCC.ADCFreqValue=24000000
ProjectManager.DefaultFWLocation=true
PD0-OSC_IN.Signal=RCC_OSC_IN
ProjectManager.DeletePrevious=true
RCC.APB1CLKDivider=RCC_HCLK_DIV4
VP_SYS_VS_ND.Mode=No_Debug
USB_DEVICE.IPParameters=VirtualMode,VirtualModeFS,CLASS_NAME_FS
SH.S_TIM2_CH1_ETR.ConfNb=1
PinOutPanel.RotationAngle=0
RCC.FamilyName=M
RCC.SYSCLKSource=RCC_SYSCLKSOURCE_PLLCLK
ProjectManager.StackSize=0x400
PA0-WKUP.Signal=S_TIM2_CH1_ETR
TIM2.Pulse-PWM\ Generation1\ CH1=1000
PD1-OSC_OUT.Signal=RCC_OSC_OUT
Mcu.IP4=USB
RCC.FCLKCortexFreq_Value=48000000
Mcu.IP5=USB_DEVICE
Mcu.IP2=SYS
NVIC.SVCall_IRQn=true\:0\:0\:false\:false\:true\:false\:false
Mcu.IP3=TIM2
Mcu.IP0=NVIC
Mcu.IP1=RCC
PA12.Signal=USB_DP
Mcu.UserConstants=
ProjectManager.TargetToolchain=Makefile
Mcu.ThirdPartyNb=0
RCC.HCLKFreq_Value=48000000
VP_USB_DEVICE_VS_USB_DEVICE_CDC_FS.Mode=CDC_FS
Mcu.IPNb=6
TIM2.IPParameters=Prescaler,Period,TIM_MasterOutputTrigger,Channel-PWM Generation1 CH1,Pulse-PWM Generation1 CH1
ProjectManager.PreviousToolchain=
RCC.APB2TimFreq_Value=48000000
Mcu.Pin6=VP_SYS_VS_ND
Mcu.Pin7=VP_SYS_VS_Systick
VP_TIM2_VS_ClockSourceINT.Signal=TIM2_VS_ClockSourceINT
PC13-TAMPER-RTC.Locked=true
Mcu.Pin8=VP_TIM2_VS_ClockSourceINT
RCC.USBFreq_Value=48000000
Mcu.Pin9=VP_USB_DEVICE_VS_USB_DEVICE_CDC_FS
RCC.AHBFreq_Value=48000000
Mcu.Pin0=PC13-TAMPER-RTC
Mcu.Pin1=PD0-OSC_IN
GPIO.groupedBy=Group By Peripherals
PD0-OSC_IN.Mode=HSE-External-Oscillator
Mcu.Pin2=PD1-OSC_OUT
Mcu.Pin3=PA0-WKUP
Mcu.Pin4=PA11
Mcu.Pin5=PA12
ProjectManager.ProjectBuild=false
NVIC.UsageFault_IRQn=true\:0\:0\:false\:false\:true\:false\:false
NVIC.DebugMonitor_IRQn=true\:0\:0\:false\:false\:true\:false\:false
board=custom
NVIC.SysTick_IRQn=true\:0\:0\:false\:false\:true\:false\:true
ProjectManager.LastFirmware=true
RCC.PLLMUL=RCC_PLL_MUL6
RCC.VCOOutput2Freq_Value=8000000
ProjectManager.FirmwarePackage=STM32Cube FW_F1 V1.8.0
MxDb.Version=DB.5.0.60
RCC.APB2Freq_Value=48000000
ProjectManager.BackupPrevious=false
MxCube.Version=5.6.1
VP_TIM2_VS_ClockSourceINT.Mode=Internal
NVIC.USB_LP_CAN1_RX0_IRQn=true\:0\:0\:false\:false\:true\:false\:true
File.Version=6
VP_SYS_VS_Systick.Mode=SysTick
VP_SYS_VS_ND.Signal=SYS_VS_ND
NVIC.NonMaskableInt_IRQn=true\:0\:0\:false\:false\:true\:false\:false
TIM2.Channel-PWM\ Generation1\ CH1=TIM_CHANNEL_1
NVIC.PendSV_IRQn=true\:0\:0\:false\:false\:true\:false\:false
TIM2.Period=35999
ProjectManager.FreePins=false
RCC.IPParameters=ADCFreqValue,AHBFreq_Value,APB1CLKDivider,APB1Freq_Value,APB1TimFreq_Value,APB2Freq_Value,APB2TimFreq_Value,FCLKCortexFreq_Value,FamilyName,HCLKFreq_Value,MCOFreq_Value,PLLCLKFreq_Value,PLLMCOFreq_Value,PLLMUL,PLLSourceVirtual,SYSCLKFreq_VALUE,SYSCLKSource,TimSysFreq_Value,USBFreq_Value,VCOOutput2Freq_Value
ProjectManager.AskForMigrate=true
Mcu.Name=STM32F103C(8-B)Tx
ProjectManager.HalAssertFull=false
ProjectManager.ProjectName=stm32_diseqc
ProjectManager.UnderRoot=false
RCC.PLLMCOFreq_Value=24000000
ProjectManager.CoupleFile=false
RCC.SYSCLKFreq_VALUE=48000000
Mcu.Package=LQFP48
TIM2.Prescaler=199
RCC.TimSysFreq_Value=48000000
PA12.Mode=Device
NVIC.ForceEnableDMAVector=true
KeepUserPlacement=false
NVIC.MemoryManagement_IRQn=true\:0\:0\:false\:false\:true\:false\:false
ProjectManager.CompilerOptimize=6
ProjectManager.ToolChainLocation=
VP_SYS_VS_Systick.Signal=SYS_VS_Systick
PA11.Signal=USB_DM
SH.S_TIM2_CH1_ETR.0=TIM2_CH1,PWM Generation1 CH1
ProjectManager.HeapSize=0x200
NVIC.HardFault_IRQn=true\:0\:0\:false\:false\:true\:false\:false
VP_USB_DEVICE_VS_USB_DEVICE_CDC_FS.Signal=USB_DEVICE_VS_USB_DEVICE_CDC_FS
ProjectManager.ComputerToolchain=false
NVIC.PriorityGroup=NVIC_PRIORITYGROUP_4
TIM2.TIM_MasterOutputTrigger=TIM_TRGO_RESET
RCC.APB1TimFreq_Value=24000000
NVIC.BusFault_IRQn=true\:0\:0\:false\:false\:true\:false\:false
RCC.APB1Freq_Value=12000000
USB_DEVICE.VirtualMode=Cdc
ProjectManager.CustomerFirmwarePackage=
ProjectManager.DeviceId=STM32F103C8Tx
ProjectManager.LibraryCopy=1
